
Microsoft Visual Studio Solution File, Format Version 12.00
# Visual Studio Version 16
VisualStudioVersion = 16.0.31424.327
MinimumVisualStudioVersion = 10.0.40219.1
Project("{FAE04EC0-301F-11D3-BF4B-00C04F79EFBC}") = "Deliverable3", "Deliverable3\Deliverable3.csproj", "{D11EDA60-1369-4869-AE24-873006780A9C}"
EndProject
Global
	GlobalSection(SolutionConfigurationPlatforms) = preSolution
		Debug|Any CPU = Debug|Any CPU
		Release|Any CPU = Release|Any CPU
	EndGlobalSection
	GlobalSection(ProjectConfigurationPlatforms) = postSolution
		{D11EDA60-1369-4869-AE24-873006780A9C}.Debug|Any CPU.ActiveCfg = Debug|Any CPU
		{D11EDA60-1369-4869-AE24-873006780A9C}.Debug|Any CPU.Build.0 = Debug|Any CPU
		{D11EDA60-1369-4869-AE24-873006780A9C}.Release|Any CPU.ActiveCfg = Release|Any CPU
		{D11EDA60-1369-4869-AE24-873006780A9C}.Release|Any CPU.Build.0 = Release|Any CPU
	EndGlobalSection
	GlobalSection(SolutionProperties) = preSolution
		HideSolutionNode = FALSE
	EndGlobalSection
	GlobalSection(ExtensibilityGlobals) = postSolution
		SolutionGuid = {955C0B08-8904-4E15-A2E4-28BD6DCA74CF}
	EndGlobalSection
EndGlobal
